{
  "version": 4,
  "terraform_version": "1.7.4",
  "serial": 181,
  "lineage": "5037f3ad-a0ab-7ad0-b6ff-0e36921d2e54",
  "outputs": {},
  "resources": [
    {
      "mode": "managed",
      "type": "azurerm_dev_test_global_vm_shutdown_schedule",
      "name": "Site1Server",
      "provider": "provider[\"registry.terraform.io/hashicorp/azurerm\"]",
      "instances": [
        {
          "schema_version": 0,
          "attributes": {
            "daily_recurrence_time": "1800",
            "enabled": true,
            "id": "/subscriptions/2f2cd6a9-7498-4a87-b968-6be5306f74d9/resourceGroups/az900-Servers-rg/providers/Microsoft.DevTestLab/schedules/shutdown-computevm-az900-Site1Server-vm",
            "location": "swedencentral",
            "notification_settings": [
              {
                "email": "",
                "enabled": false,
                "time_in_minutes": 30,
                "webhook_url": ""
              }
            ],
            "tags": null,
            "timeouts": null,
            "timezone": "W. Europe Standard Time",
            "virtual_machine_id": "/subscriptions/2f2cd6a9-7498-4a87-b968-6be5306f74d9/resourceGroups/az900-Servers-rg/providers/Microsoft.Compute/virtualMachines/az900-Site1Server-vm"
          },
          "sensitive_attributes": [],
          "private": "eyJlMmJmYjczMC1lY2FhLTExZTYtOGY4OC0zNDM2M2JjN2M0YzAiOnsiY3JlYXRlIjoxODAwMDAwMDAwMDAwLCJkZWxldGUiOjE4MDAwMDAwMDAwMDAsInJlYWQiOjMwMDAwMDAwMDAwMCwidXBkYXRlIjoxODAwMDAwMDAwMDAwfX0=",
          "dependencies": [
            "azurerm_linux_virtual_machine.Site1Server",
            "azurerm_network_interface.Site1Server",
            "azurerm_public_ip.Site1Server",
            "azurerm_resource_group.Servers",
            "azurerm_resource_group.Site1Net",
            "azurerm_subnet.Site1SubSer",
            "azurerm_virtual_network.Site1Net"
          ]
        }
      ]
    },
    {
      "mode": "managed",
      "type": "azurerm_linux_virtual_machine",
      "name": "Site1Server",
      "provider": "provider[\"registry.terraform.io/hashicorp/azurerm\"]",
      "instances": [
        {
          "schema_version": 0,
          "attributes": {
            "additional_capabilities": [],
            "admin_password": "Welcome2023$",
            "admin_ssh_key": [],
            "admin_username": "localadmin",
            "allow_extension_operations": true,
            "availability_set_id": "",
            "boot_diagnostics": [],
            "computer_name": "az900-Site1Server",
            "custom_data": null,
            "dedicated_host_group_id": "",
            "dedicated_host_id": "",
            "disable_password_authentication": false,
            "encryption_at_host_enabled": false,
            "eviction_policy": "",
            "extensions_time_budget": "PT1H30M",
            "id": "/subscriptions/2f2cd6a9-7498-4a87-b968-6be5306f74d9/resourceGroups/az900-Servers-rg/providers/Microsoft.Compute/virtualMachines/az900-Site1Server-vm",
            "identity": [],
            "license_type": "",
            "location": "swedencentral",
            "max_bid_price": -1,
            "name": "az900-Site1Server-vm",
            "network_interface_ids": [
              "/subscriptions/2f2cd6a9-7498-4a87-b968-6be5306f74d9/resourceGroups/az900-Servers-rg/providers/Microsoft.Network/networkInterfaces/az900-Site1Server-nic"
            ],
            "os_disk": [
              {
                "caching": "ReadWrite",
                "diff_disk_settings": [],
                "disk_encryption_set_id": "",
                "disk_size_gb": 30,
                "name": "az900-Site1Server-osdisk",
                "storage_account_type": "Standard_LRS",
                "write_accelerator_enabled": false
              }
            ],
            "patch_mode": "AutomaticByPlatform",
            "plan": [],
            "platform_fault_domain": -1,
            "priority": "Regular",
            "private_ip_address": "10.0.0.4",
            "private_ip_addresses": [
              "10.0.0.4"
            ],
            "provision_vm_agent": true,
            "proximity_placement_group_id": "",
            "public_ip_address": "4.223.89.104",
            "public_ip_addresses": [
              "4.223.89.104"
            ],
            "resource_group_name": "az900-Servers-rg",
            "secret": [],
            "secure_boot_enabled": false,
            "size": "Standard_B2als_v2",
            "source_image_id": "",
            "source_image_reference": [
              {
                "offer": "0001-com-ubuntu-server-jammy",
                "publisher": "Canonical",
                "sku": "22_04-lts",
                "version": "latest"
              }
            ],
            "tags": null,
            "timeouts": null,
            "user_data": "",
            "virtual_machine_id": "963df17d-fa1a-4810-8e4f-9f53af577aeb",
            "virtual_machine_scale_set_id": "",
            "vtpm_enabled": false,
            "zone": ""
          },
          "sensitive_attributes": [],
          "private": "eyJlMmJmYjczMC1lY2FhLTExZTYtOGY4OC0zNDM2M2JjN2M0YzAiOnsiY3JlYXRlIjoyNzAwMDAwMDAwMDAwLCJkZWxldGUiOjI3MDAwMDAwMDAwMDAsInJlYWQiOjMwMDAwMDAwMDAwMCwidXBkYXRlIjoyNzAwMDAwMDAwMDAwfX0=",
          "dependencies": [
            "azurerm_network_interface.Site1Server",
            "azurerm_public_ip.Site1Server",
            "azurerm_resource_group.Servers",
            "azurerm_resource_group.Site1Net",
            "azurerm_subnet.Site1SubSer",
            "azurerm_virtual_network.Site1Net"
          ]
        }
      ]
    },
    {
      "mode": "managed",
      "type": "azurerm_linux_virtual_machine",
      "name": "Site2Server",
      "provider": "provider[\"registry.terraform.io/hashicorp/azurerm\"]",
      "instances": [
        {
          "schema_version": 0,
          "attributes": {
            "additional_capabilities": [],
            "admin_password": "Welcome2023$",
            "admin_ssh_key": [],
            "admin_username": "localadmin",
            "allow_extension_operations": true,
            "availability_set_id": "",
            "boot_diagnostics": [],
            "computer_name": "az900-Site2Server",
            "custom_data": null,
            "dedicated_host_group_id": "",
            "dedicated_host_id": "",
            "disable_password_authentication": false,
            "encryption_at_host_enabled": false,
            "eviction_policy": "",
            "extensions_time_budget": "PT1H30M",
            "id": "/subscriptions/2f2cd6a9-7498-4a87-b968-6be5306f74d9/resourceGroups/az900-Servers-rg/providers/Microsoft.Compute/virtualMachines/az900-Site2Server-vm",
            "identity": [],
            "license_type": "",
            "location": "italynorth",
            "max_bid_price": -1,
            "name": "az900-Site2Server-vm",
            "network_interface_ids": [
              "/subscriptions/2f2cd6a9-7498-4a87-b968-6be5306f74d9/resourceGroups/az900-Servers-rg/providers/Microsoft.Network/networkInterfaces/az900-Site2Server-nic"
            ],
            "os_disk": [
              {
                "caching": "ReadWrite",
                "diff_disk_settings": [],
                "disk_encryption_set_id": "",
                "disk_size_gb": 30,
                "name": "az900-Site2Server-osdisk",
                "storage_account_type": "Standard_LRS",
                "write_accelerator_enabled": false
              }
            ],
            "patch_mode": "AutomaticByPlatform",
            "plan": [],
            "platform_fault_domain": -1,
            "priority": "Regular",
            "private_ip_address": "172.16.0.4",
            "private_ip_addresses": [
              "172.16.0.4"
            ],
            "provision_vm_agent": true,
            "proximity_placement_group_id": "",
            "public_ip_address": "4.232.184.208",
            "public_ip_addresses": [
              "4.232.184.208"
            ],
            "resource_group_name": "az900-Servers-rg",
            "secret": [],
            "secure_boot_enabled": false,
            "size": "Standard_B2als_v2",
            "source_image_id": "",
            "source_image_reference": [
              {
                "offer": "0001-com-ubuntu-server-jammy",
                "publisher": "Canonical",
                "sku": "22_04-lts",
                "version": "latest"
              }
            ],
            "tags": null,
            "timeouts": null,
            "user_data": "",
            "virtual_machine_id": "f076d942-6a2c-4958-a568-1a5ceec8a0df",
            "virtual_machine_scale_set_id": "",
            "vtpm_enabled": false,
            "zone": ""
          },
          "sensitive_attributes": [],
          "private": "eyJlMmJmYjczMC1lY2FhLTExZTYtOGY4OC0zNDM2M2JjN2M0YzAiOnsiY3JlYXRlIjoyNzAwMDAwMDAwMDAwLCJkZWxldGUiOjI3MDAwMDAwMDAwMDAsInJlYWQiOjMwMDAwMDAwMDAwMCwidXBkYXRlIjoyNzAwMDAwMDAwMDAwfX0=",
          "dependencies": [
            "azurerm_network_interface.Site2Server",
            "azurerm_public_ip.Site2Server",
            "azurerm_resource_group.Servers",
            "azurerm_resource_group.Site2Net",
            "azurerm_subnet.Site2SubSer",
            "azurerm_virtual_network.Site2Net"
          ]
        }
      ]
    },
    {
      "mode": "managed",
      "type": "azurerm_network_interface",
      "name": "Site1Server",
      "provider": "provider[\"registry.terraform.io/hashicorp/azurerm\"]",
      "instances": [
        {
          "schema_version": 0,
          "attributes": {
            "applied_dns_servers": [],
            "dns_servers": [],
            "enable_accelerated_networking": false,
            "enable_ip_forwarding": false,
            "id": "/subscriptions/2f2cd6a9-7498-4a87-b968-6be5306f74d9/resourceGroups/az900-Servers-rg/providers/Microsoft.Network/networkInterfaces/az900-Site1Server-nic",
            "internal_dns_name_label": "",
            "internal_domain_name_suffix": "czt0zofau4medfya43tds4wndd.gvxx.internal.cloudapp.net",
            "ip_configuration": [
              {
                "gateway_load_balancer_frontend_ip_configuration_id": "",
                "name": "az900-Site1Server-ipc",
                "primary": true,
                "private_ip_address": "10.0.0.4",
                "private_ip_address_allocation": "Dynamic",
                "private_ip_address_version": "IPv4",
                "public_ip_address_id": "/subscriptions/2f2cd6a9-7498-4a87-b968-6be5306f74d9/resourceGroups/az900-Servers-rg/providers/Microsoft.Network/publicIPAddresses/az900-Site1Server-pip",
                "subnet_id": "/subscriptions/2f2cd6a9-7498-4a87-b968-6be5306f74d9/resourceGroups/az900-Site1Network-rg/providers/Microsoft.Network/virtualNetworks/az900-Site1-vnet/subnets/az900-Site1Server-sub"
              }
            ],
            "location": "swedencentral",
            "mac_address": "",
            "name": "az900-Site1Server-nic",
            "private_ip_address": "10.0.0.4",
            "private_ip_addresses": [
              "10.0.0.4"
            ],
            "resource_group_name": "az900-Servers-rg",
            "tags": null,
            "timeouts": null,
            "virtual_machine_id": ""
          },
          "sensitive_attributes": [],
          "private": "eyJlMmJmYjczMC1lY2FhLTExZTYtOGY4OC0zNDM2M2JjN2M0YzAiOnsiY3JlYXRlIjoxODAwMDAwMDAwMDAwLCJkZWxldGUiOjE4MDAwMDAwMDAwMDAsInJlYWQiOjMwMDAwMDAwMDAwMCwidXBkYXRlIjoxODAwMDAwMDAwMDAwfX0=",
          "dependencies": [
            "azurerm_public_ip.Site1Server",
            "azurerm_resource_group.Servers",
            "azurerm_resource_group.Site1Net",
            "azurerm_subnet.Site1SubSer",
            "azurerm_virtual_network.Site1Net"
          ]
        }
      ]
    },
    {
      "mode": "managed",
      "type": "azurerm_network_interface",
      "name": "Site2Server",
      "provider": "provider[\"registry.terraform.io/hashicorp/azurerm\"]",
      "instances": [
        {
          "schema_version": 0,
          "attributes": {
            "applied_dns_servers": [],
            "dns_servers": [],
            "enable_accelerated_networking": false,
            "enable_ip_forwarding": false,
            "id": "/subscriptions/2f2cd6a9-7498-4a87-b968-6be5306f74d9/resourceGroups/az900-Servers-rg/providers/Microsoft.Network/networkInterfaces/az900-Site2Server-nic",
            "internal_dns_name_label": "",
            "internal_domain_name_suffix": "4cvegt20c1kejo4z1y5njcviqd.milx.internal.cloudapp.net",
            "ip_configuration": [
              {
                "gateway_load_balancer_frontend_ip_configuration_id": "",
                "name": "az900-Site2Server-ipc",
                "primary": true,
                "private_ip_address": "172.16.0.4",
                "private_ip_address_allocation": "Dynamic",
                "private_ip_address_version": "IPv4",
                "public_ip_address_id": "/subscriptions/2f2cd6a9-7498-4a87-b968-6be5306f74d9/resourceGroups/az900-Servers-rg/providers/Microsoft.Network/publicIPAddresses/az900-Site2Server-pip",
                "subnet_id": "/subscriptions/2f2cd6a9-7498-4a87-b968-6be5306f74d9/resourceGroups/az900-Site2Network-rg/providers/Microsoft.Network/virtualNetworks/az900-Site2-vnet/subnets/az900-Site2Server-sub"
              }
            ],
            "location": "italynorth",
            "mac_address": "",
            "name": "az900-Site2Server-nic",
            "private_ip_address": "172.16.0.4",
            "private_ip_addresses": [
              "172.16.0.4"
            ],
            "resource_group_name": "az900-Servers-rg",
            "tags": null,
            "timeouts": null,
            "virtual_machine_id": ""
          },
          "sensitive_attributes": [],
          "private": "eyJlMmJmYjczMC1lY2FhLTExZTYtOGY4OC0zNDM2M2JjN2M0YzAiOnsiY3JlYXRlIjoxODAwMDAwMDAwMDAwLCJkZWxldGUiOjE4MDAwMDAwMDAwMDAsInJlYWQiOjMwMDAwMDAwMDAwMCwidXBkYXRlIjoxODAwMDAwMDAwMDAwfX0=",
          "dependencies": [
            "azurerm_public_ip.Site2Server",
            "azurerm_resource_group.Servers",
            "azurerm_resource_group.Site2Net",
            "azurerm_subnet.Site2SubSer",
            "azurerm_virtual_network.Site2Net"
          ]
        }
      ]
    },
    {
      "mode": "managed",
      "type": "azurerm_network_interface_security_group_association",
      "name": "Site1Server",
      "provider": "provider[\"registry.terraform.io/hashicorp/azurerm\"]",
      "instances": [
        {
          "schema_version": 0,
          "attributes": {
            "id": "/subscriptions/2f2cd6a9-7498-4a87-b968-6be5306f74d9/resourceGroups/az900-Servers-rg/providers/Microsoft.Network/networkInterfaces/az900-Site1Server-nic|/subscriptions/2f2cd6a9-7498-4a87-b968-6be5306f74d9/resourceGroups/az900-Site1Network-rg/providers/Microsoft.Network/networkSecurityGroups/az900-Site1-nsg",
            "network_interface_id": "/subscriptions/2f2cd6a9-7498-4a87-b968-6be5306f74d9/resourceGroups/az900-Servers-rg/providers/Microsoft.Network/networkInterfaces/az900-Site1Server-nic",
            "network_security_group_id": "/subscriptions/2f2cd6a9-7498-4a87-b968-6be5306f74d9/resourceGroups/az900-Site1Network-rg/providers/Microsoft.Network/networkSecurityGroups/az900-Site1-nsg",
            "timeouts": null
          },
          "sensitive_attributes": [],
          "private": "eyJlMmJmYjczMC1lY2FhLTExZTYtOGY4OC0zNDM2M2JjN2M0YzAiOnsiY3JlYXRlIjoxODAwMDAwMDAwMDAwLCJkZWxldGUiOjE4MDAwMDAwMDAwMDAsInJlYWQiOjMwMDAwMDAwMDAwMCwidXBkYXRlIjoxODAwMDAwMDAwMDAwfX0=",
          "dependencies": [
            "azurerm_network_interface.Site1Server",
            "azurerm_network_security_group.Site1BSG",
            "azurerm_public_ip.Site1Server",
            "azurerm_resource_group.Servers",
            "azurerm_resource_group.Site1Net",
            "azurerm_subnet.Site1SubSer",
            "azurerm_virtual_network.Site1Net"
          ]
        }
      ]
    },
    {
      "mode": "managed",
      "type": "azurerm_network_interface_security_group_association",
      "name": "Site2Server",
      "provider": "provider[\"registry.terraform.io/hashicorp/azurerm\"]",
      "instances": [
        {
          "schema_version": 0,
          "attributes": {
            "id": "/subscriptions/2f2cd6a9-7498-4a87-b968-6be5306f74d9/resourceGroups/az900-Servers-rg/providers/Microsoft.Network/networkInterfaces/az900-Site2Server-nic|/subscriptions/2f2cd6a9-7498-4a87-b968-6be5306f74d9/resourceGroups/az900-Site2Network-rg/providers/Microsoft.Network/networkSecurityGroups/az900-Site2-nsg",
            "network_interface_id": "/subscriptions/2f2cd6a9-7498-4a87-b968-6be5306f74d9/resourceGroups/az900-Servers-rg/providers/Microsoft.Network/networkInterfaces/az900-Site2Server-nic",
            "network_security_group_id": "/subscriptions/2f2cd6a9-7498-4a87-b968-6be5306f74d9/resourceGroups/az900-Site2Network-rg/providers/Microsoft.Network/networkSecurityGroups/az900-Site2-nsg",
            "timeouts": null
          },
          "sensitive_attributes": [],
          "private": "eyJlMmJmYjczMC1lY2FhLTExZTYtOGY4OC0zNDM2M2JjN2M0YzAiOnsiY3JlYXRlIjoxODAwMDAwMDAwMDAwLCJkZWxldGUiOjE4MDAwMDAwMDAwMDAsInJlYWQiOjMwMDAwMDAwMDAwMCwidXBkYXRlIjoxODAwMDAwMDAwMDAwfX0=",
          "dependencies": [
            "azurerm_network_interface.Site2Server",
            "azurerm_network_security_group.Site2BSG",
            "azurerm_public_ip.Site2Server",
            "azurerm_resource_group.Servers",
            "azurerm_resource_group.Site2Net",
            "azurerm_subnet.Site2SubSer",
            "azurerm_virtual_network.Site2Net"
          ]
        }
      ]
    },
    {
      "mode": "managed",
      "type": "azurerm_network_security_group",
      "name": "Site1BSG",
      "provider": "provider[\"registry.terraform.io/hashicorp/azurerm\"]",
      "instances": [
        {
          "schema_version": 0,
          "attributes": {
            "id": "/subscriptions/2f2cd6a9-7498-4a87-b968-6be5306f74d9/resourceGroups/az900-Site1Network-rg/providers/Microsoft.Network/networkSecurityGroups/az900-Site1-nsg",
            "location": "swedencentral",
            "name": "az900-Site1-nsg",
            "resource_group_name": "az900-Site1Network-rg",
            "security_rule": [
              {
                "access": "Allow",
                "description": "",
                "destination_address_prefix": "*",
                "destination_address_prefixes": [],
                "destination_application_security_group_ids": [],
                "destination_port_range": "22",
                "destination_port_ranges": [],
                "direction": "Inbound",
                "name": "SSH",
                "priority": 1010,
                "protocol": "Tcp",
                "source_address_prefix": "*",
                "source_address_prefixes": [],
                "source_application_security_group_ids": [],
                "source_port_range": "*",
                "source_port_ranges": []
              }
            ],
            "tags": null,
            "timeouts": null
          },
          "sensitive_attributes": [],
          "private": "eyJlMmJmYjczMC1lY2FhLTExZTYtOGY4OC0zNDM2M2JjN2M0YzAiOnsiY3JlYXRlIjoxODAwMDAwMDAwMDAwLCJkZWxldGUiOjE4MDAwMDAwMDAwMDAsInJlYWQiOjMwMDAwMDAwMDAwMCwidXBkYXRlIjoxODAwMDAwMDAwMDAwfX0=",
          "dependencies": [
            "azurerm_resource_group.Site1Net"
          ]
        }
      ]
    },
    {
      "mode": "managed",
      "type": "azurerm_network_security_group",
      "name": "Site2BSG",
      "provider": "provider[\"registry.terraform.io/hashicorp/azurerm\"]",
      "instances": [
        {
          "schema_version": 0,
          "attributes": {
            "id": "/subscriptions/2f2cd6a9-7498-4a87-b968-6be5306f74d9/resourceGroups/az900-Site2Network-rg/providers/Microsoft.Network/networkSecurityGroups/az900-Site2-nsg",
            "location": "italynorth",
            "name": "az900-Site2-nsg",
            "resource_group_name": "az900-Site2Network-rg",
            "security_rule": [
              {
                "access": "Allow",
                "description": "",
                "destination_address_prefix": "*",
                "destination_address_prefixes": [],
                "destination_application_security_group_ids": [],
                "destination_port_range": "22",
                "destination_port_ranges": [],
                "direction": "Inbound",
                "name": "SSH",
                "priority": 1010,
                "protocol": "Tcp",
                "source_address_prefix": "*",
                "source_address_prefixes": [],
                "source_application_security_group_ids": [],
                "source_port_range": "*",
                "source_port_ranges": []
              }
            ],
            "tags": null,
            "timeouts": null
          },
          "sensitive_attributes": [],
          "private": "eyJlMmJmYjczMC1lY2FhLTExZTYtOGY4OC0zNDM2M2JjN2M0YzAiOnsiY3JlYXRlIjoxODAwMDAwMDAwMDAwLCJkZWxldGUiOjE4MDAwMDAwMDAwMDAsInJlYWQiOjMwMDAwMDAwMDAwMCwidXBkYXRlIjoxODAwMDAwMDAwMDAwfX0=",
          "dependencies": [
            "azurerm_resource_group.Site2Net"
          ]
        }
      ]
    },
    {
      "mode": "managed",
      "type": "azurerm_private_dns_zone",
      "name": "az900",
      "provider": "provider[\"registry.terraform.io/hashicorp/azurerm\"]",
      "instances": [
        {
          "schema_version": 0,
          "attributes": {
            "id": "/subscriptions/2f2cd6a9-7498-4a87-b968-6be5306f74d9/resourceGroups/az900-CoreNetwork-rg/providers/Microsoft.Network/privateDnsZones/az900.com",
            "max_number_of_record_sets": 25000,
            "max_number_of_virtual_network_links": 1000,
            "max_number_of_virtual_network_links_with_registration": 100,
            "name": "az900.com",
            "number_of_record_sets": 1,
            "resource_group_name": "az900-CoreNetwork-rg",
            "soa_record": [
              {
                "email": "azureprivatedns-host.microsoft.com",
                "expire_time": 2419200,
                "fqdn": "az900.com.",
                "host_name": "azureprivatedns.net",
                "minimum_ttl": 10,
                "refresh_time": 3600,
                "retry_time": 300,
                "serial_number": 1,
                "tags": {},
                "ttl": 3600
              }
            ],
            "tags": null,
            "timeouts": null
          },
          "sensitive_attributes": [],
          "private": "eyJlMmJmYjczMC1lY2FhLTExZTYtOGY4OC0zNDM2M2JjN2M0YzAiOnsiY3JlYXRlIjoxODAwMDAwMDAwMDAwLCJkZWxldGUiOjE4MDAwMDAwMDAwMDAsInJlYWQiOjMwMDAwMDAwMDAwMCwidXBkYXRlIjoxODAwMDAwMDAwMDAwfX0=",
          "dependencies": [
            "azurerm_resource_group.CoreNetwork"
          ]
        }
      ]
    },
    {
      "mode": "managed",
      "type": "azurerm_private_dns_zone_virtual_network_link",
      "name": "az900Site1",
      "provider": "provider[\"registry.terraform.io/hashicorp/azurerm\"]",
      "instances": [
        {
          "schema_version": 0,
          "attributes": {
            "id": "/subscriptions/2f2cd6a9-7498-4a87-b968-6be5306f74d9/resourceGroups/az900-CoreNetwork-rg/providers/Microsoft.Network/privateDnsZones/az900.com/virtualNetworkLinks/az900-.com_Site1",
            "name": "az900-.com_Site1",
            "private_dns_zone_name": "az900.com",
            "registration_enabled": true,
            "resource_group_name": "az900-CoreNetwork-rg",
            "tags": null,
            "timeouts": null,
            "virtual_network_id": "/subscriptions/2f2cd6a9-7498-4a87-b968-6be5306f74d9/resourceGroups/az900-Site1Network-rg/providers/Microsoft.Network/virtualNetworks/az900-Site1-vnet"
          },
          "sensitive_attributes": [],
          "private": "eyJlMmJmYjczMC1lY2FhLTExZTYtOGY4OC0zNDM2M2JjN2M0YzAiOnsiY3JlYXRlIjoxODAwMDAwMDAwMDAwLCJkZWxldGUiOjE4MDAwMDAwMDAwMDAsInJlYWQiOjMwMDAwMDAwMDAwMCwidXBkYXRlIjoxODAwMDAwMDAwMDAwfX0=",
          "dependencies": [
            "azurerm_private_dns_zone.az900",
            "azurerm_resource_group.CoreNetwork",
            "azurerm_resource_group.Site1Net",
            "azurerm_virtual_network.Site1Net"
          ]
        }
      ]
    },
    {
      "mode": "managed",
      "type": "azurerm_private_dns_zone_virtual_network_link",
      "name": "az900Site2",
      "provider": "provider[\"registry.terraform.io/hashicorp/azurerm\"]",
      "instances": [
        {
          "schema_version": 0,
          "attributes": {
            "id": "/subscriptions/2f2cd6a9-7498-4a87-b968-6be5306f74d9/resourceGroups/az900-CoreNetwork-rg/providers/Microsoft.Network/privateDnsZones/az900.com/virtualNetworkLinks/az900-.com_Site2",
            "name": "az900-.com_Site2",
            "private_dns_zone_name": "az900.com",
            "registration_enabled": true,
            "resource_group_name": "az900-CoreNetwork-rg",
            "tags": null,
            "timeouts": null,
            "virtual_network_id": "/subscriptions/2f2cd6a9-7498-4a87-b968-6be5306f74d9/resourceGroups/az900-Site2Network-rg/providers/Microsoft.Network/virtualNetworks/az900-Site2-vnet"
          },
          "sensitive_attributes": [],
          "private": "eyJlMmJmYjczMC1lY2FhLTExZTYtOGY4OC0zNDM2M2JjN2M0YzAiOnsiY3JlYXRlIjoxODAwMDAwMDAwMDAwLCJkZWxldGUiOjE4MDAwMDAwMDAwMDAsInJlYWQiOjMwMDAwMDAwMDAwMCwidXBkYXRlIjoxODAwMDAwMDAwMDAwfX0=",
          "dependencies": [
            "azurerm_private_dns_zone.az900",
            "azurerm_resource_group.CoreNetwork",
            "azurerm_resource_group.Site2Net",
            "azurerm_virtual_network.Site2Net"
          ]
        }
      ]
    },
    {
      "mode": "managed",
      "type": "azurerm_public_ip",
      "name": "Site1Server",
      "provider": "provider[\"registry.terraform.io/hashicorp/azurerm\"]",
      "instances": [
        {
          "schema_version": 0,
          "attributes": {
            "allocation_method": "Dynamic",
            "availability_zone": "No-Zone",
            "domain_name_label": "az900-1ite1server",
            "fqdn": "az900-1ite1server.swedencentral.cloudapp.azure.com",
            "id": "/subscriptions/2f2cd6a9-7498-4a87-b968-6be5306f74d9/resourceGroups/az900-Servers-rg/providers/Microsoft.Network/publicIPAddresses/az900-Site1Server-pip",
            "idle_timeout_in_minutes": 4,
            "ip_address": "",
            "ip_tags": null,
            "ip_version": "IPv4",
            "location": "swedencentral",
            "name": "az900-Site1Server-pip",
            "public_ip_prefix_id": null,
            "resource_group_name": "az900-Servers-rg",
            "reverse_fqdn": "",
            "sku": "Basic",
            "sku_tier": "Regional",
            "tags": null,
            "timeouts": null,
            "zones": []
          },
          "sensitive_attributes": [],
          "private": "eyJlMmJmYjczMC1lY2FhLTExZTYtOGY4OC0zNDM2M2JjN2M0YzAiOnsiY3JlYXRlIjoxODAwMDAwMDAwMDAwLCJkZWxldGUiOjE4MDAwMDAwMDAwMDAsInJlYWQiOjMwMDAwMDAwMDAwMCwidXBkYXRlIjoxODAwMDAwMDAwMDAwfX0=",
          "dependencies": [
            "azurerm_resource_group.Servers",
            "azurerm_resource_group.Site1Net"
          ]
        }
      ]
    },
    {
      "mode": "managed",
      "type": "azurerm_public_ip",
      "name": "Site2Server",
      "provider": "provider[\"registry.terraform.io/hashicorp/azurerm\"]",
      "instances": [
        {
          "schema_version": 0,
          "attributes": {
            "allocation_method": "Dynamic",
            "availability_zone": "No-Zone",
            "domain_name_label": "az900-site2server",
            "fqdn": "az900-site2server.italynorth.cloudapp.azure.com",
            "id": "/subscriptions/2f2cd6a9-7498-4a87-b968-6be5306f74d9/resourceGroups/az900-Servers-rg/providers/Microsoft.Network/publicIPAddresses/az900-Site2Server-pip",
            "idle_timeout_in_minutes": 4,
            "ip_address": "",
            "ip_tags": null,
            "ip_version": "IPv4",
            "location": "italynorth",
            "name": "az900-Site2Server-pip",
            "public_ip_prefix_id": null,
            "resource_group_name": "az900-Servers-rg",
            "reverse_fqdn": "",
            "sku": "Basic",
            "sku_tier": "Regional",
            "tags": null,
            "timeouts": null,
            "zones": []
          },
          "sensitive_attributes": [],
          "private": "eyJlMmJmYjczMC1lY2FhLTExZTYtOGY4OC0zNDM2M2JjN2M0YzAiOnsiY3JlYXRlIjoxODAwMDAwMDAwMDAwLCJkZWxldGUiOjE4MDAwMDAwMDAwMDAsInJlYWQiOjMwMDAwMDAwMDAwMCwidXBkYXRlIjoxODAwMDAwMDAwMDAwfX0=",
          "dependencies": [
            "azurerm_resource_group.Servers",
            "azurerm_resource_group.Site2Net"
          ]
        }
      ]
    },
    {
      "mode": "managed",
      "type": "azurerm_resource_group",
      "name": "CoreNetwork",
      "provider": "provider[\"registry.terraform.io/hashicorp/azurerm\"]",
      "instances": [
        {
          "schema_version": 0,
          "attributes": {
            "id": "/subscriptions/2f2cd6a9-7498-4a87-b968-6be5306f74d9/resourceGroups/az900-CoreNetwork-rg",
            "location": "northeurope",
            "name": "az900-CoreNetwork-rg",
            "tags": null,
            "timeouts": null
          },
          "sensitive_attributes": [],
          "private": "eyJlMmJmYjczMC1lY2FhLTExZTYtOGY4OC0zNDM2M2JjN2M0YzAiOnsiY3JlYXRlIjo1NDAwMDAwMDAwMDAwLCJkZWxldGUiOjU0MDAwMDAwMDAwMDAsInJlYWQiOjMwMDAwMDAwMDAwMCwidXBkYXRlIjo1NDAwMDAwMDAwMDAwfX0="
        }
      ]
    },
    {
      "mode": "managed",
      "type": "azurerm_resource_group",
      "name": "Servers",
      "provider": "provider[\"registry.terraform.io/hashicorp/azurerm\"]",
      "instances": [
        {
          "schema_version": 0,
          "attributes": {
            "id": "/subscriptions/2f2cd6a9-7498-4a87-b968-6be5306f74d9/resourceGroups/az900-Servers-rg",
            "location": "swedencentral",
            "name": "az900-Servers-rg",
            "tags": null,
            "timeouts": null
          },
          "sensitive_attributes": [],
          "private": "eyJlMmJmYjczMC1lY2FhLTExZTYtOGY4OC0zNDM2M2JjN2M0YzAiOnsiY3JlYXRlIjo1NDAwMDAwMDAwMDAwLCJkZWxldGUiOjU0MDAwMDAwMDAwMDAsInJlYWQiOjMwMDAwMDAwMDAwMCwidXBkYXRlIjo1NDAwMDAwMDAwMDAwfX0="
        }
      ]
    },
    {
      "mode": "managed",
      "type": "azurerm_resource_group",
      "name": "Site1Net",
      "provider": "provider[\"registry.terraform.io/hashicorp/azurerm\"]",
      "instances": [
        {
          "schema_version": 0,
          "attributes": {
            "id": "/subscriptions/2f2cd6a9-7498-4a87-b968-6be5306f74d9/resourceGroups/az900-Site1Network-rg",
            "location": "swedencentral",
            "name": "az900-Site1Network-rg",
            "tags": null,
            "timeouts": null
          },
          "sensitive_attributes": [],
          "private": "eyJlMmJmYjczMC1lY2FhLTExZTYtOGY4OC0zNDM2M2JjN2M0YzAiOnsiY3JlYXRlIjo1NDAwMDAwMDAwMDAwLCJkZWxldGUiOjU0MDAwMDAwMDAwMDAsInJlYWQiOjMwMDAwMDAwMDAwMCwidXBkYXRlIjo1NDAwMDAwMDAwMDAwfX0="
        }
      ]
    },
    {
      "mode": "managed",
      "type": "azurerm_resource_group",
      "name": "Site2Net",
      "provider": "provider[\"registry.terraform.io/hashicorp/azurerm\"]",
      "instances": [
        {
          "schema_version": 0,
          "attributes": {
            "id": "/subscriptions/2f2cd6a9-7498-4a87-b968-6be5306f74d9/resourceGroups/az900-Site2Network-rg",
            "location": "italynorth",
            "name": "az900-Site2Network-rg",
            "tags": null,
            "timeouts": null
          },
          "sensitive_attributes": [],
          "private": "eyJlMmJmYjczMC1lY2FhLTExZTYtOGY4OC0zNDM2M2JjN2M0YzAiOnsiY3JlYXRlIjo1NDAwMDAwMDAwMDAwLCJkZWxldGUiOjU0MDAwMDAwMDAwMDAsInJlYWQiOjMwMDAwMDAwMDAwMCwidXBkYXRlIjo1NDAwMDAwMDAwMDAwfX0="
        }
      ]
    },
    {
      "mode": "managed",
      "type": "azurerm_subnet",
      "name": "CoreNetwork",
      "provider": "provider[\"registry.terraform.io/hashicorp/azurerm\"]",
      "instances": [
        {
          "schema_version": 0,
          "attributes": {
            "address_prefix": "10.10.0.0/24",
            "address_prefixes": [
              "10.10.0.0/24"
            ],
            "delegation": [],
            "enforce_private_link_endpoint_network_policies": false,
            "enforce_private_link_service_network_policies": false,
            "id": "/subscriptions/2f2cd6a9-7498-4a87-b968-6be5306f74d9/resourceGroups/az900-CoreNetwork-rg/providers/Microsoft.Network/virtualNetworks/az900-CoreNetwork-vnet/subnets/az900-CoreNetwork-sub",
            "name": "az900-CoreNetwork-sub",
            "resource_group_name": "az900-CoreNetwork-rg",
            "service_endpoint_policy_ids": null,
            "service_endpoints": null,
            "timeouts": null,
            "virtual_network_name": "az900-CoreNetwork-vnet"
          },
          "sensitive_attributes": [],
          "private": "eyJlMmJmYjczMC1lY2FhLTExZTYtOGY4OC0zNDM2M2JjN2M0YzAiOnsiY3JlYXRlIjoxODAwMDAwMDAwMDAwLCJkZWxldGUiOjE4MDAwMDAwMDAwMDAsInJlYWQiOjMwMDAwMDAwMDAwMCwidXBkYXRlIjoxODAwMDAwMDAwMDAwfX0=",
          "dependencies": [
            "azurerm_resource_group.CoreNetwork",
            "azurerm_virtual_network.CoreNetwork"
          ]
        }
      ]
    },
    {
      "mode": "managed",
      "type": "azurerm_subnet",
      "name": "Site1SubSer",
      "provider": "provider[\"registry.terraform.io/hashicorp/azurerm\"]",
      "instances": [
        {
          "schema_version": 0,
          "attributes": {
            "address_prefix": "10.0.0.0/24",
            "address_prefixes": [
              "10.0.0.0/24"
            ],
            "delegation": [],
            "enforce_private_link_endpoint_network_policies": false,
            "enforce_private_link_service_network_policies": false,
            "id": "/subscriptions/2f2cd6a9-7498-4a87-b968-6be5306f74d9/resourceGroups/az900-Site1Network-rg/providers/Microsoft.Network/virtualNetworks/az900-Site1-vnet/subnets/az900-Site1Server-sub",
            "name": "az900-Site1Server-sub",
            "resource_group_name": "az900-Site1Network-rg",
            "service_endpoint_policy_ids": null,
            "service_endpoints": null,
            "timeouts": null,
            "virtual_network_name": "az900-Site1-vnet"
          },
          "sensitive_attributes": [],
          "private": "eyJlMmJmYjczMC1lY2FhLTExZTYtOGY4OC0zNDM2M2JjN2M0YzAiOnsiY3JlYXRlIjoxODAwMDAwMDAwMDAwLCJkZWxldGUiOjE4MDAwMDAwMDAwMDAsInJlYWQiOjMwMDAwMDAwMDAwMCwidXBkYXRlIjoxODAwMDAwMDAwMDAwfX0=",
          "dependencies": [
            "azurerm_resource_group.Site1Net",
            "azurerm_virtual_network.Site1Net"
          ]
        }
      ]
    },
    {
      "mode": "managed",
      "type": "azurerm_subnet",
      "name": "Site2SubSer",
      "provider": "provider[\"registry.terraform.io/hashicorp/azurerm\"]",
      "instances": [
        {
          "schema_version": 0,
          "attributes": {
            "address_prefix": "172.16.0.0/24",
            "address_prefixes": [
              "172.16.0.0/24"
            ],
            "delegation": [],
            "enforce_private_link_endpoint_network_policies": false,
            "enforce_private_link_service_network_policies": false,
            "id": "/subscriptions/2f2cd6a9-7498-4a87-b968-6be5306f74d9/resourceGroups/az900-Site2Network-rg/providers/Microsoft.Network/virtualNetworks/az900-Site2-vnet/subnets/az900-Site2Server-sub",
            "name": "az900-Site2Server-sub",
            "resource_group_name": "az900-Site2Network-rg",
            "service_endpoint_policy_ids": null,
            "service_endpoints": null,
            "timeouts": null,
            "virtual_network_name": "az900-Site2-vnet"
          },
          "sensitive_attributes": [],
          "private": "eyJlMmJmYjczMC1lY2FhLTExZTYtOGY4OC0zNDM2M2JjN2M0YzAiOnsiY3JlYXRlIjoxODAwMDAwMDAwMDAwLCJkZWxldGUiOjE4MDAwMDAwMDAwMDAsInJlYWQiOjMwMDAwMDAwMDAwMCwidXBkYXRlIjoxODAwMDAwMDAwMDAwfX0=",
          "dependencies": [
            "azurerm_resource_group.Site2Net",
            "azurerm_virtual_network.Site2Net"
          ]
        }
      ]
    },
    {
      "mode": "managed",
      "type": "azurerm_subnet_network_security_group_association",
      "name": "Site1BSG",
      "provider": "provider[\"registry.terraform.io/hashicorp/azurerm\"]",
      "instances": [
        {
          "schema_version": 0,
          "attributes": {
            "id": "/subscriptions/2f2cd6a9-7498-4a87-b968-6be5306f74d9/resourceGroups/az900-Site1Network-rg/providers/Microsoft.Network/virtualNetworks/az900-Site1-vnet/subnets/az900-Site1Server-sub",
            "network_security_group_id": "/subscriptions/2f2cd6a9-7498-4a87-b968-6be5306f74d9/resourceGroups/az900-Site1Network-rg/providers/Microsoft.Network/networkSecurityGroups/az900-Site1-nsg",
            "subnet_id": "/subscriptions/2f2cd6a9-7498-4a87-b968-6be5306f74d9/resourceGroups/az900-Site1Network-rg/providers/Microsoft.Network/virtualNetworks/az900-Site1-vnet/subnets/az900-Site1Server-sub",
            "timeouts": null
          },
          "sensitive_attributes": [],
          "private": "eyJlMmJmYjczMC1lY2FhLTExZTYtOGY4OC0zNDM2M2JjN2M0YzAiOnsiY3JlYXRlIjoxODAwMDAwMDAwMDAwLCJkZWxldGUiOjE4MDAwMDAwMDAwMDAsInJlYWQiOjMwMDAwMDAwMDAwMCwidXBkYXRlIjoxODAwMDAwMDAwMDAwfX0=",
          "dependencies": [
            "azurerm_network_security_group.Site1BSG",
            "azurerm_resource_group.Site1Net",
            "azurerm_subnet.Site1SubSer",
            "azurerm_virtual_network.Site1Net"
          ]
        }
      ]
    },
    {
      "mode": "managed",
      "type": "azurerm_subnet_network_security_group_association",
      "name": "Site2BSG",
      "provider": "provider[\"registry.terraform.io/hashicorp/azurerm\"]",
      "instances": [
        {
          "schema_version": 0,
          "attributes": {
            "id": "/subscriptions/2f2cd6a9-7498-4a87-b968-6be5306f74d9/resourceGroups/az900-Site2Network-rg/providers/Microsoft.Network/virtualNetworks/az900-Site2-vnet/subnets/az900-Site2Server-sub",
            "network_security_group_id": "/subscriptions/2f2cd6a9-7498-4a87-b968-6be5306f74d9/resourceGroups/az900-Site2Network-rg/providers/Microsoft.Network/networkSecurityGroups/az900-Site2-nsg",
            "subnet_id": "/subscriptions/2f2cd6a9-7498-4a87-b968-6be5306f74d9/resourceGroups/az900-Site2Network-rg/providers/Microsoft.Network/virtualNetworks/az900-Site2-vnet/subnets/az900-Site2Server-sub",
            "timeouts": null
          },
          "sensitive_attributes": [],
          "private": "eyJlMmJmYjczMC1lY2FhLTExZTYtOGY4OC0zNDM2M2JjN2M0YzAiOnsiY3JlYXRlIjoxODAwMDAwMDAwMDAwLCJkZWxldGUiOjE4MDAwMDAwMDAwMDAsInJlYWQiOjMwMDAwMDAwMDAwMCwidXBkYXRlIjoxODAwMDAwMDAwMDAwfX0=",
          "dependencies": [
            "azurerm_network_security_group.Site2BSG",
            "azurerm_resource_group.Site2Net",
            "azurerm_subnet.Site2SubSer",
            "azurerm_virtual_network.Site2Net"
          ]
        }
      ]
    },
    {
      "mode": "managed",
      "type": "azurerm_virtual_network",
      "name": "CoreNetwork",
      "provider": "provider[\"registry.terraform.io/hashicorp/azurerm\"]",
      "instances": [
        {
          "schema_version": 0,
          "attributes": {
            "address_space": [
              "10.10.0.0/21"
            ],
            "bgp_community": "",
            "ddos_protection_plan": [],
            "dns_servers": [],
            "flow_timeout_in_minutes": 0,
            "guid": "051e8f01-3746-4855-8d28-722c73b1ff00",
            "id": "/subscriptions/2f2cd6a9-7498-4a87-b968-6be5306f74d9/resourceGroups/az900-CoreNetwork-rg/providers/Microsoft.Network/virtualNetworks/az900-CoreNetwork-vnet",
            "location": "northeurope",
            "name": "az900-CoreNetwork-vnet",
            "resource_group_name": "az900-CoreNetwork-rg",
            "subnet": [],
            "tags": null,
            "timeouts": null,
            "vm_protection_enabled": false
          },
          "sensitive_attributes": [],
          "private": "eyJlMmJmYjczMC1lY2FhLTExZTYtOGY4OC0zNDM2M2JjN2M0YzAiOnsiY3JlYXRlIjoxODAwMDAwMDAwMDAwLCJkZWxldGUiOjE4MDAwMDAwMDAwMDAsInJlYWQiOjMwMDAwMDAwMDAwMCwidXBkYXRlIjoxODAwMDAwMDAwMDAwfX0=",
          "dependencies": [
            "azurerm_resource_group.CoreNetwork"
          ]
        }
      ]
    },
    {
      "mode": "managed",
      "type": "azurerm_virtual_network",
      "name": "Site1Net",
      "provider": "provider[\"registry.terraform.io/hashicorp/azurerm\"]",
      "instances": [
        {
          "schema_version": 0,
          "attributes": {
            "address_space": [
              "10.0.0.0/21"
            ],
            "bgp_community": "",
            "ddos_protection_plan": [],
            "dns_servers": [],
            "flow_timeout_in_minutes": 0,
            "guid": "b8ac6716-a7a0-4198-9700-f766397acd1b",
            "id": "/subscriptions/2f2cd6a9-7498-4a87-b968-6be5306f74d9/resourceGroups/az900-Site1Network-rg/providers/Microsoft.Network/virtualNetworks/az900-Site1-vnet",
            "location": "swedencentral",
            "name": "az900-Site1-vnet",
            "resource_group_name": "az900-Site1Network-rg",
            "subnet": [],
            "tags": null,
            "timeouts": null,
            "vm_protection_enabled": false
          },
          "sensitive_attributes": [],
          "private": "eyJlMmJmYjczMC1lY2FhLTExZTYtOGY4OC0zNDM2M2JjN2M0YzAiOnsiY3JlYXRlIjoxODAwMDAwMDAwMDAwLCJkZWxldGUiOjE4MDAwMDAwMDAwMDAsInJlYWQiOjMwMDAwMDAwMDAwMCwidXBkYXRlIjoxODAwMDAwMDAwMDAwfX0=",
          "dependencies": [
            "azurerm_resource_group.Site1Net"
          ]
        }
      ]
    },
    {
      "mode": "managed",
      "type": "azurerm_virtual_network",
      "name": "Site2Net",
      "provider": "provider[\"registry.terraform.io/hashicorp/azurerm\"]",
      "instances": [
        {
          "schema_version": 0,
          "attributes": {
            "address_space": [
              "172.16.0.0/21"
            ],
            "bgp_community": "",
            "ddos_protection_plan": [],
            "dns_servers": [],
            "flow_timeout_in_minutes": 0,
            "guid": "4f43aaf0-169a-44d4-bbd9-de3ed48aa883",
            "id": "/subscriptions/2f2cd6a9-7498-4a87-b968-6be5306f74d9/resourceGroups/az900-Site2Network-rg/providers/Microsoft.Network/virtualNetworks/az900-Site2-vnet",
            "location": "italynorth",
            "name": "az900-Site2-vnet",
            "resource_group_name": "az900-Site2Network-rg",
            "subnet": [],
            "tags": null,
            "timeouts": null,
            "vm_protection_enabled": false
          },
          "sensitive_attributes": [],
          "private": "eyJlMmJmYjczMC1lY2FhLTExZTYtOGY4OC0zNDM2M2JjN2M0YzAiOnsiY3JlYXRlIjoxODAwMDAwMDAwMDAwLCJkZWxldGUiOjE4MDAwMDAwMDAwMDAsInJlYWQiOjMwMDAwMDAwMDAwMCwidXBkYXRlIjoxODAwMDAwMDAwMDAwfX0=",
          "dependencies": [
            "azurerm_resource_group.Site2Net"
          ]
        }
      ]
    }
  ],
  "check_results": null
}
