{
  "version": 4,
  "terraform_version": "1.7.4",
  "serial": 13,
  "lineage": "64df0c88-b711-a336-5a63-4e4a1a1f4ea9",
  "outputs": {},
  "resources": [
    {
      "mode": "managed",
      "type": "azurerm_lb",
      "name": "WebApp",
      "provider": "provider[\"registry.terraform.io/hashicorp/azurerm\"]",
      "instances": [
        {
          "schema_version": 0,
          "attributes": {
            "frontend_ip_configuration": [
              {
                "availability_zone": "No-Zone",
                "gateway_load_balancer_frontend_ip_configuration_id": "",
                "id": "/subscriptions/2f2cd6a9-7498-4a87-b968-6be5306f74d9/resourceGroups/az905-WebApp-rg/providers/Microsoft.Network/loadBalancers/az905-WebApp-lb/frontendIPConfigurations/ipconfig",
                "inbound_nat_rules": [],
                "load_balancer_rules": [],
                "name": "ipconfig",
                "outbound_rules": [],
                "private_ip_address": "",
                "private_ip_address_allocation": "Dynamic",
                "private_ip_address_version": "",
                "public_ip_address_id": "/subscriptions/2f2cd6a9-7498-4a87-b968-6be5306f74d9/resourceGroups/az905-WebApp-rg/providers/Microsoft.Network/publicIPAddresses/az905-WebApp-pip",
                "public_ip_prefix_id": "",
                "subnet_id": "",
                "zones": []
              }
            ],
            "id": "/subscriptions/2f2cd6a9-7498-4a87-b968-6be5306f74d9/resourceGroups/az905-WebApp-rg/providers/Microsoft.Network/loadBalancers/az905-WebApp-lb",
            "location": "swedencentral",
            "name": "az905-WebApp-lb",
            "private_ip_address": "",
            "private_ip_addresses": [],
            "resource_group_name": "az905-WebApp-rg",
            "sku": "Basic",
            "sku_tier": "Regional",
            "tags": null,
            "timeouts": null
          },
          "sensitive_attributes": [],
          "private": "eyJlMmJmYjczMC1lY2FhLTExZTYtOGY4OC0zNDM2M2JjN2M0YzAiOnsiY3JlYXRlIjoxODAwMDAwMDAwMDAwLCJkZWxldGUiOjE4MDAwMDAwMDAwMDAsInJlYWQiOjMwMDAwMDAwMDAwMCwidXBkYXRlIjoxODAwMDAwMDAwMDAwfX0=",
          "dependencies": [
            "azurerm_public_ip.WebApp",
            "azurerm_resource_group.WebApp"
          ]
        }
      ]
    },
    {
      "mode": "managed",
      "type": "azurerm_lb_backend_address_pool",
      "name": "WebServer",
      "provider": "provider[\"registry.terraform.io/hashicorp/azurerm\"]",
      "instances": [
        {
          "schema_version": 0,
          "attributes": {
            "backend_address": [],
            "backend_ip_configurations": [],
            "id": "/subscriptions/2f2cd6a9-7498-4a87-b968-6be5306f74d9/resourceGroups/az905-WebApp-rg/providers/Microsoft.Network/loadBalancers/az905-WebApp-lb/backendAddressPools/FronEndWebServer",
            "load_balancing_rules": [],
            "loadbalancer_id": "/subscriptions/2f2cd6a9-7498-4a87-b968-6be5306f74d9/resourceGroups/az905-WebApp-rg/providers/Microsoft.Network/loadBalancers/az905-WebApp-lb",
            "name": "FronEndWebServer",
            "outbound_rules": [],
            "resource_group_name": "az905-WebApp-rg",
            "timeouts": null,
            "tunnel_interface": []
          },
          "sensitive_attributes": [],
          "private": "eyJlMmJmYjczMC1lY2FhLTExZTYtOGY4OC0zNDM2M2JjN2M0YzAiOnsiY3JlYXRlIjoxODAwMDAwMDAwMDAwLCJkZWxldGUiOjE4MDAwMDAwMDAwMDAsInJlYWQiOjMwMDAwMDAwMDAwMCwidXBkYXRlIjoxODAwMDAwMDAwMDAwfX0=",
          "dependencies": [
            "azurerm_lb.WebApp",
            "azurerm_public_ip.WebApp",
            "azurerm_resource_group.WebApp"
          ]
        }
      ]
    },
    {
      "mode": "managed",
      "type": "azurerm_lb_probe",
      "name": "WebAppHTTP",
      "provider": "provider[\"registry.terraform.io/hashicorp/azurerm\"]",
      "instances": [
        {
          "schema_version": 0,
          "attributes": {
            "id": "/subscriptions/2f2cd6a9-7498-4a87-b968-6be5306f74d9/resourceGroups/az905-WebApp-rg/providers/Microsoft.Network/loadBalancers/az905-WebApp-lb/probes/ssh-running-probe",
            "interval_in_seconds": 15,
            "load_balancer_rules": [],
            "loadbalancer_id": "/subscriptions/2f2cd6a9-7498-4a87-b968-6be5306f74d9/resourceGroups/az905-WebApp-rg/providers/Microsoft.Network/loadBalancers/az905-WebApp-lb",
            "name": "ssh-running-probe",
            "number_of_probes": 2,
            "port": 80,
            "protocol": "Tcp",
            "request_path": "",
            "resource_group_name": "az905-WebApp-rg",
            "timeouts": null
          },
          "sensitive_attributes": [],
          "private": "eyJlMmJmYjczMC1lY2FhLTExZTYtOGY4OC0zNDM2M2JjN2M0YzAiOnsiY3JlYXRlIjoxODAwMDAwMDAwMDAwLCJkZWxldGUiOjE4MDAwMDAwMDAwMDAsInJlYWQiOjMwMDAwMDAwMDAwMCwidXBkYXRlIjoxODAwMDAwMDAwMDAwfX0=",
          "dependencies": [
            "azurerm_lb.WebApp",
            "azurerm_public_ip.WebApp",
            "azurerm_resource_group.WebApp"
          ]
        }
      ]
    },
    {
      "mode": "managed",
      "type": "azurerm_network_security_group",
      "name": "Site1BSG",
      "provider": "provider[\"registry.terraform.io/hashicorp/azurerm\"]",
      "instances": [
        {
          "schema_version": 0,
          "attributes": {
            "id": "/subscriptions/2f2cd6a9-7498-4a87-b968-6be5306f74d9/resourceGroups/az905-Site1Network-rg/providers/Microsoft.Network/networkSecurityGroups/az905-Site1-nsg",
            "location": "swedencentral",
            "name": "az905-Site1-nsg",
            "resource_group_name": "az905-Site1Network-rg",
            "security_rule": [
              {
                "access": "Allow",
                "description": "",
                "destination_address_prefix": "*",
                "destination_address_prefixes": [],
                "destination_application_security_group_ids": [],
                "destination_port_range": "22",
                "destination_port_ranges": [],
                "direction": "Inbound",
                "name": "SSH",
                "priority": 1010,
                "protocol": "Tcp",
                "source_address_prefix": "*",
                "source_address_prefixes": [],
                "source_application_security_group_ids": [],
                "source_port_range": "*",
                "source_port_ranges": []
              }
            ],
            "tags": null,
            "timeouts": null
          },
          "sensitive_attributes": [],
          "private": "eyJlMmJmYjczMC1lY2FhLTExZTYtOGY4OC0zNDM2M2JjN2M0YzAiOnsiY3JlYXRlIjoxODAwMDAwMDAwMDAwLCJkZWxldGUiOjE4MDAwMDAwMDAwMDAsInJlYWQiOjMwMDAwMDAwMDAwMCwidXBkYXRlIjoxODAwMDAwMDAwMDAwfX0=",
          "dependencies": [
            "azurerm_resource_group.Site1Net"
          ]
        }
      ]
    },
    {
      "mode": "managed",
      "type": "azurerm_public_ip",
      "name": "WebApp",
      "provider": "provider[\"registry.terraform.io/hashicorp/azurerm\"]",
      "instances": [
        {
          "schema_version": 0,
          "attributes": {
            "allocation_method": "Static",
            "availability_zone": "No-Zone",
            "domain_name_label": "az905-webapp",
            "fqdn": "az905-webapp.swedencentral.cloudapp.azure.com",
            "id": "/subscriptions/2f2cd6a9-7498-4a87-b968-6be5306f74d9/resourceGroups/az905-WebApp-rg/providers/Microsoft.Network/publicIPAddresses/az905-WebApp-pip",
            "idle_timeout_in_minutes": 4,
            "ip_address": "4.223.89.112",
            "ip_tags": null,
            "ip_version": "IPv4",
            "location": "swedencentral",
            "name": "az905-WebApp-pip",
            "public_ip_prefix_id": null,
            "resource_group_name": "az905-WebApp-rg",
            "reverse_fqdn": "",
            "sku": "Basic",
            "sku_tier": "Regional",
            "tags": null,
            "timeouts": null,
            "zones": []
          },
          "sensitive_attributes": [],
          "private": "eyJlMmJmYjczMC1lY2FhLTExZTYtOGY4OC0zNDM2M2JjN2M0YzAiOnsiY3JlYXRlIjoxODAwMDAwMDAwMDAwLCJkZWxldGUiOjE4MDAwMDAwMDAwMDAsInJlYWQiOjMwMDAwMDAwMDAwMCwidXBkYXRlIjoxODAwMDAwMDAwMDAwfX0=",
          "dependencies": [
            "azurerm_resource_group.WebApp"
          ]
        }
      ]
    },
    {
      "mode": "managed",
      "type": "azurerm_resource_group",
      "name": "Site1Net",
      "provider": "provider[\"registry.terraform.io/hashicorp/azurerm\"]",
      "instances": [
        {
          "schema_version": 0,
          "attributes": {
            "id": "/subscriptions/2f2cd6a9-7498-4a87-b968-6be5306f74d9/resourceGroups/az905-Site1Network-rg",
            "location": "swedencentral",
            "name": "az905-Site1Network-rg",
            "tags": null,
            "timeouts": null
          },
          "sensitive_attributes": [],
          "private": "eyJlMmJmYjczMC1lY2FhLTExZTYtOGY4OC0zNDM2M2JjN2M0YzAiOnsiY3JlYXRlIjo1NDAwMDAwMDAwMDAwLCJkZWxldGUiOjU0MDAwMDAwMDAwMDAsInJlYWQiOjMwMDAwMDAwMDAwMCwidXBkYXRlIjo1NDAwMDAwMDAwMDAwfX0="
        }
      ]
    },
    {
      "mode": "managed",
      "type": "azurerm_resource_group",
      "name": "WebApp",
      "provider": "provider[\"registry.terraform.io/hashicorp/azurerm\"]",
      "instances": [
        {
          "schema_version": 0,
          "attributes": {
            "id": "/subscriptions/2f2cd6a9-7498-4a87-b968-6be5306f74d9/resourceGroups/az905-WebApp-rg",
            "location": "swedencentral",
            "name": "az905-WebApp-rg",
            "tags": null,
            "timeouts": null
          },
          "sensitive_attributes": [],
          "private": "eyJlMmJmYjczMC1lY2FhLTExZTYtOGY4OC0zNDM2M2JjN2M0YzAiOnsiY3JlYXRlIjo1NDAwMDAwMDAwMDAwLCJkZWxldGUiOjU0MDAwMDAwMDAwMDAsInJlYWQiOjMwMDAwMDAwMDAwMCwidXBkYXRlIjo1NDAwMDAwMDAwMDAwfX0="
        }
      ]
    },
    {
      "mode": "managed",
      "type": "azurerm_subnet",
      "name": "Site1SubSer",
      "provider": "provider[\"registry.terraform.io/hashicorp/azurerm\"]",
      "instances": [
        {
          "schema_version": 0,
          "attributes": {
            "address_prefix": "10.0.0.0/24",
            "address_prefixes": [
              "10.0.0.0/24"
            ],
            "delegation": [],
            "enforce_private_link_endpoint_network_policies": false,
            "enforce_private_link_service_network_policies": false,
            "id": "/subscriptions/2f2cd6a9-7498-4a87-b968-6be5306f74d9/resourceGroups/az905-Site1Network-rg/providers/Microsoft.Network/virtualNetworks/az905-Site1-vnet/subnets/az905-Site1Server-sub",
            "name": "az905-Site1Server-sub",
            "resource_group_name": "az905-Site1Network-rg",
            "service_endpoint_policy_ids": null,
            "service_endpoints": null,
            "timeouts": null,
            "virtual_network_name": "az905-Site1-vnet"
          },
          "sensitive_attributes": [],
          "private": "eyJlMmJmYjczMC1lY2FhLTExZTYtOGY4OC0zNDM2M2JjN2M0YzAiOnsiY3JlYXRlIjoxODAwMDAwMDAwMDAwLCJkZWxldGUiOjE4MDAwMDAwMDAwMDAsInJlYWQiOjMwMDAwMDAwMDAwMCwidXBkYXRlIjoxODAwMDAwMDAwMDAwfX0=",
          "dependencies": [
            "azurerm_resource_group.Site1Net",
            "azurerm_virtual_network.Site1Net"
          ]
        }
      ]
    },
    {
      "mode": "managed",
      "type": "azurerm_subnet_network_security_group_association",
      "name": "Site1BSG",
      "provider": "provider[\"registry.terraform.io/hashicorp/azurerm\"]",
      "instances": [
        {
          "schema_version": 0,
          "attributes": {
            "id": "/subscriptions/2f2cd6a9-7498-4a87-b968-6be5306f74d9/resourceGroups/az905-Site1Network-rg/providers/Microsoft.Network/virtualNetworks/az905-Site1-vnet/subnets/az905-Site1Server-sub",
            "network_security_group_id": "/subscriptions/2f2cd6a9-7498-4a87-b968-6be5306f74d9/resourceGroups/az905-Site1Network-rg/providers/Microsoft.Network/networkSecurityGroups/az905-Site1-nsg",
            "subnet_id": "/subscriptions/2f2cd6a9-7498-4a87-b968-6be5306f74d9/resourceGroups/az905-Site1Network-rg/providers/Microsoft.Network/virtualNetworks/az905-Site1-vnet/subnets/az905-Site1Server-sub",
            "timeouts": null
          },
          "sensitive_attributes": [],
          "private": "eyJlMmJmYjczMC1lY2FhLTExZTYtOGY4OC0zNDM2M2JjN2M0YzAiOnsiY3JlYXRlIjoxODAwMDAwMDAwMDAwLCJkZWxldGUiOjE4MDAwMDAwMDAwMDAsInJlYWQiOjMwMDAwMDAwMDAwMCwidXBkYXRlIjoxODAwMDAwMDAwMDAwfX0=",
          "dependencies": [
            "azurerm_network_security_group.Site1BSG",
            "azurerm_resource_group.Site1Net",
            "azurerm_subnet.Site1SubSer",
            "azurerm_virtual_network.Site1Net"
          ]
        }
      ]
    },
    {
      "mode": "managed",
      "type": "azurerm_virtual_network",
      "name": "Site1Net",
      "provider": "provider[\"registry.terraform.io/hashicorp/azurerm\"]",
      "instances": [
        {
          "schema_version": 0,
          "attributes": {
            "address_space": [
              "10.0.0.0/21"
            ],
            "bgp_community": "",
            "ddos_protection_plan": [],
            "dns_servers": [],
            "flow_timeout_in_minutes": 0,
            "guid": "c037a853-c13e-4c1d-b4c4-f1d991f69292",
            "id": "/subscriptions/2f2cd6a9-7498-4a87-b968-6be5306f74d9/resourceGroups/az905-Site1Network-rg/providers/Microsoft.Network/virtualNetworks/az905-Site1-vnet",
            "location": "swedencentral",
            "name": "az905-Site1-vnet",
            "resource_group_name": "az905-Site1Network-rg",
            "subnet": [],
            "tags": null,
            "timeouts": null,
            "vm_protection_enabled": false
          },
          "sensitive_attributes": [],
          "private": "eyJlMmJmYjczMC1lY2FhLTExZTYtOGY4OC0zNDM2M2JjN2M0YzAiOnsiY3JlYXRlIjoxODAwMDAwMDAwMDAwLCJkZWxldGUiOjE4MDAwMDAwMDAwMDAsInJlYWQiOjMwMDAwMDAwMDAwMCwidXBkYXRlIjoxODAwMDAwMDAwMDAwfX0=",
          "dependencies": [
            "azurerm_resource_group.Site1Net"
          ]
        }
      ]
    }
  ],
  "check_results": null
}
